
Microsoft Visual Studio Solution File, Format Version 12.00
# Visual Studio Version 17
VisualStudioVersion = 17.13.35931.197
MinimumVisualStudioVersion = 10.0.40219.1
Project("{2150E333-8FDC-42A3-9474-1A3956D46DE8}") = "API", "API", "{02EA681E-C7D8-13C7-8484-4AC65E1B71E8}"
EndProject
Project("{FAE04EC0-301F-11D3-BF4B-00C04F79EFBC}") = "StoreApp.API", "API\StoreApp.API\StoreApp.API.csproj", "{E29CAEBC-70D0-6D78-330B-73305E0D0179}"
EndProject
Project("{2150E333-8FDC-42A3-9474-1A3956D46DE8}") = "Web", "Web", "{B11B85A1-B552-4877-8539-909346B5076D}"
EndProject
Project("{2150E333-8FDC-42A3-9474-1A3956D46DE8}") = "Apps", "Apps", "{89F94B96-77F0-4269-975B-625C09705737}"
EndProject
Project("{FAE04EC0-301F-11D3-BF4B-00C04F79EFBC}") = "StoreApp.Wasm", "Web\Apps\StoreApp.Wasm\StoreApp.Wasm.csproj", "{B7E39AD4-592E-8885-50BF-CE88689B5E8B}"
EndProject
Project("{FAE04EC0-301F-11D3-BF4B-00C04F79EFBC}") = "StoreApp.Angular", "Web\Apps\StoreApp.Angular\StoreApp.Angular.csproj", "{C5073374-01D2-601A-ADF0-D559BDE3E551}"
EndProject
Project("{2150E333-8FDC-42A3-9474-1A3956D46DE8}") = "Shared", "Shared", "{8FBA62F1-09A9-4B8B-8F4E-C2A57EA3160B}"
EndProject
Project("{FAE04EC0-301F-11D3-BF4B-00C04F79EFBC}") = "StoreApp.BLL", "API\StoreApp.BLL\StoreApp.BLL.csproj", "{88CA9F55-C835-78D9-ED4C-8297E4DAD299}"
EndProject
Project("{FAE04EC0-301F-11D3-BF4B-00C04F79EFBC}") = "StoreApp.DAL", "API\StoreApp.DAL\StoreApp.DAL.csproj", "{8986BA72-504D-6217-D8CF-7FD517E0E709}"
EndProject
Project("{FAE04EC0-301F-11D3-BF4B-00C04F79EFBC}") = "StoreApp.Models", "Shared\StoreApp.Models\StoreApp.Models.csproj", "{B423D37D-58A8-FC2E-5CED-13219BFE54BA}"
EndProject
Project("{FAE04EC0-301F-11D3-BF4B-00C04F79EFBC}") = "StoreApp.Shared", "Shared\StoreApp.Shared\StoreApp.Shared.csproj", "{8694AB70-C7E7-D7F1-88B0-A61A5C16D195}"
EndProject
Global
	GlobalSection(SolutionConfigurationPlatforms) = preSolution
		Debug|Any CPU = Debug|Any CPU
		Release|Any CPU = Release|Any CPU
	EndGlobalSection
	GlobalSection(ProjectConfigurationPlatforms) = postSolution
		{E29CAEBC-70D0-6D78-330B-73305E0D0179}.Debug|Any CPU.ActiveCfg = Debug|Any CPU
		{E29CAEBC-70D0-6D78-330B-73305E0D0179}.Debug|Any CPU.Build.0 = Debug|Any CPU
		{E29CAEBC-70D0-6D78-330B-73305E0D0179}.Release|Any CPU.ActiveCfg = Release|Any CPU
		{E29CAEBC-70D0-6D78-330B-73305E0D0179}.Release|Any CPU.Build.0 = Release|Any CPU
		{B7E39AD4-592E-8885-50BF-CE88689B5E8B}.Debug|Any CPU.ActiveCfg = Debug|Any CPU
		{B7E39AD4-592E-8885-50BF-CE88689B5E8B}.Debug|Any CPU.Build.0 = Debug|Any CPU
		{B7E39AD4-592E-8885-50BF-CE88689B5E8B}.Release|Any CPU.ActiveCfg = Release|Any CPU
		{B7E39AD4-592E-8885-50BF-CE88689B5E8B}.Release|Any CPU.Build.0 = Release|Any CPU
		{C5073374-01D2-601A-ADF0-D559BDE3E551}.Debug|Any CPU.ActiveCfg = Debug|Any CPU
		{C5073374-01D2-601A-ADF0-D559BDE3E551}.Debug|Any CPU.Build.0 = Debug|Any CPU
		{C5073374-01D2-601A-ADF0-D559BDE3E551}.Debug|Any CPU.Deploy.0 = Debug|Any CPU
		{C5073374-01D2-601A-ADF0-D559BDE3E551}.Release|Any CPU.ActiveCfg = Release|Any CPU
		{C5073374-01D2-601A-ADF0-D559BDE3E551}.Release|Any CPU.Build.0 = Release|Any CPU
		{C5073374-01D2-601A-ADF0-D559BDE3E551}.Release|Any CPU.Deploy.0 = Release|Any CPU
		{88CA9F55-C835-78D9-ED4C-8297E4DAD299}.Debug|Any CPU.ActiveCfg = Debug|Any CPU
		{88CA9F55-C835-78D9-ED4C-8297E4DAD299}.Debug|Any CPU.Build.0 = Debug|Any CPU
		{88CA9F55-C835-78D9-ED4C-8297E4DAD299}.Release|Any CPU.ActiveCfg = Release|Any CPU
		{88CA9F55-C835-78D9-ED4C-8297E4DAD299}.Release|Any CPU.Build.0 = Release|Any CPU
		{8986BA72-504D-6217-D8CF-7FD517E0E709}.Debug|Any CPU.ActiveCfg = Debug|Any CPU
		{8986BA72-504D-6217-D8CF-7FD517E0E709}.Debug|Any CPU.Build.0 = Debug|Any CPU
		{8986BA72-504D-6217-D8CF-7FD517E0E709}.Release|Any CPU.ActiveCfg = Release|Any CPU
		{8986BA72-504D-6217-D8CF-7FD517E0E709}.Release|Any CPU.Build.0 = Release|Any CPU
		{B423D37D-58A8-FC2E-5CED-13219BFE54BA}.Debug|Any CPU.ActiveCfg = Debug|Any CPU
		{B423D37D-58A8-FC2E-5CED-13219BFE54BA}.Debug|Any CPU.Build.0 = Debug|Any CPU
		{B423D37D-58A8-FC2E-5CED-13219BFE54BA}.Release|Any CPU.ActiveCfg = Release|Any CPU
		{B423D37D-58A8-FC2E-5CED-13219BFE54BA}.Release|Any CPU.Build.0 = Release|Any CPU
		{8694AB70-C7E7-D7F1-88B0-A61A5C16D195}.Debug|Any CPU.ActiveCfg = Debug|Any CPU
		{8694AB70-C7E7-D7F1-88B0-A61A5C16D195}.Debug|Any CPU.Build.0 = Debug|Any CPU
		{8694AB70-C7E7-D7F1-88B0-A61A5C16D195}.Release|Any CPU.ActiveCfg = Release|Any CPU
		{8694AB70-C7E7-D7F1-88B0-A61A5C16D195}.Release|Any CPU.Build.0 = Release|Any CPU
	EndGlobalSection
	GlobalSection(SolutionProperties) = preSolution
		HideSolutionNode = FALSE
	EndGlobalSection
	GlobalSection(NestedProjects) = preSolution
		{E29CAEBC-70D0-6D78-330B-73305E0D0179} = {02EA681E-C7D8-13C7-8484-4AC65E1B71E8}
		{89F94B96-77F0-4269-975B-625C09705737} = {B11B85A1-B552-4877-8539-909346B5076D}
		{B7E39AD4-592E-8885-50BF-CE88689B5E8B} = {89F94B96-77F0-4269-975B-625C09705737}
		{C5073374-01D2-601A-ADF0-D559BDE3E551} = {89F94B96-77F0-4269-975B-625C09705737}
		{88CA9F55-C835-78D9-ED4C-8297E4DAD299} = {02EA681E-C7D8-13C7-8484-4AC65E1B71E8}
		{8986BA72-504D-6217-D8CF-7FD517E0E709} = {02EA681E-C7D8-13C7-8484-4AC65E1B71E8}
		{B423D37D-58A8-FC2E-5CED-13219BFE54BA} = {8FBA62F1-09A9-4B8B-8F4E-C2A57EA3160B}
		{8694AB70-C7E7-D7F1-88B0-A61A5C16D195} = {8FBA62F1-09A9-4B8B-8F4E-C2A57EA3160B}
	EndGlobalSection
	GlobalSection(ExtensibilityGlobals) = postSolution
		SolutionGuid = {56AC85A4-124A-4965-89E4-81E75672B6D3}
	EndGlobalSection
EndGlobal
